
Microsoft Visual Studio Solution File, Format Version 12.00
# Visual Studio Version 17
VisualStudioVersion = 17.13.35913.81
MinimumVisualStudioVersion = 10.0.40219.1
Project("{FAE04EC0-301F-11D3-BF4B-00C04F79EFBC}") = "WebApplication1", "WebApplication1\WebApplication1.csproj", "{089D6CA4-CCF3-4A46-9917-74B625A376AB}"
EndProject
Project("{FAE04EC0-301F-11D3-BF4B-00C04F79EFBC}") = "TestLabs", "TestLabs\TestLabs.csproj", "{FEE9CBB0-ADA9-4047-975E-C7E1D4F7F015}"
	ProjectSection(ProjectDependencies) = postProject
		{089D6CA4-CCF3-4A46-9917-74B625A376AB} = {089D6CA4-CCF3-4A46-9917-74B625A376AB}
	EndProjectSection
EndProject
Global
	GlobalSection(SolutionConfigurationPlatforms) = preSolution
		Debug|Any CPU = Debug|Any CPU
		Release|Any CPU = Release|Any CPU
	EndGlobalSection
	GlobalSection(ProjectConfigurationPlatforms) = postSolution
		{089D6CA4-CCF3-4A46-9917-74B625A376AB}.Debug|Any CPU.ActiveCfg = Debug|Any CPU
		{089D6CA4-CCF3-4A46-9917-74B625A376AB}.Debug|Any CPU.Build.0 = Debug|Any CPU
		{089D6CA4-CCF3-4A46-9917-74B625A376AB}.Release|Any CPU.ActiveCfg = Release|Any CPU
		{089D6CA4-CCF3-4A46-9917-74B625A376AB}.Release|Any CPU.Build.0 = Release|Any CPU
		{FEE9CBB0-ADA9-4047-975E-C7E1D4F7F015}.Debug|Any CPU.ActiveCfg = Debug|Any CPU
		{FEE9CBB0-ADA9-4047-975E-C7E1D4F7F015}.Debug|Any CPU.Build.0 = Debug|Any CPU
		{FEE9CBB0-ADA9-4047-975E-C7E1D4F7F015}.Release|Any CPU.ActiveCfg = Release|Any CPU
		{FEE9CBB0-ADA9-4047-975E-C7E1D4F7F015}.Release|Any CPU.Build.0 = Release|Any CPU
	EndGlobalSection
	GlobalSection(SolutionProperties) = preSolution
		HideSolutionNode = FALSE
	EndGlobalSection
	GlobalSection(ExtensibilityGlobals) = postSolution
		SolutionGuid = {95649D76-50F7-4ED6-A610-3D7FF34F0814}
	EndGlobalSection
EndGlobal
